<?xml version="1.0" encoding="utf-8"?>
<Project ToolsVersion="4.0" xmlns="http://schemas.microsoft.com/developer/msbuild/2003">
  <ItemGroup>
    <Filter Include="Source Files">
      <UniqueIdentifier>{4FC737F1-C7A5-4376-A066-2A32D752A2FF}</UniqueIdentifier>
      <Extensions>cpp;c;cc;cxx;c++;cppm;ixx;def;odl;idl;hpj;bat;asm;asmx</Extensions>
    </Filter>
    <Filter Include="Header Files">
      <UniqueIdentifier>{93995380-89BD-4b04-88EB-625FBE52EBFB}</UniqueIdentifier>
      <Extensions>h;hh;hpp;hxx;h++;hm;inl;inc;ipp;xsd</Extensions>
    </Filter>
    <Filter Include="Resource Files">
      <UniqueIdentifier>{67DA6AB6-F800-4c08-8B7A-83BB121AAD01}</UniqueIdentifier>
      <Extensions>rc;ico;cur;bmp;dlg;rc2;rct;bin;rgs;gif;jpg;jpeg;jpe;resx;tiff;tif;png;wav;mfcribbon-ms</Extensions>
    </Filter>
  </ItemGroup>
  <ItemGroup>
    <ClCompile Include="main.cpp">
      <Filter>Source Files</Filter>
    </ClCompile>
    <ClCompile Include="ConfigManager.cpp">
      <Filter>Source Files</Filter>
    </ClCompile>
    <ClCompile Include="..\Dependencies\JSONCPP\dist\jsoncpp.cpp">
      <Filter>Source Files</Filter>
    </ClCompile>
    <ClCompile Include="OffsetHunter.cpp">
      <Filter>Source Files</Filter>
    </ClCompile>
    <ClCompile Include="ICapstoneHelper.cpp">
      <Filter>Source Files</Filter>
    </ClCompile>
    <ClCompile Include="CapstoneHelperProvider.cpp">
      <Filter>Source Files</Filter>
    </ClCompile>
    <ClCompile Include="ICapstoneHelperFactory.cpp">
      <Filter>Source Files</Filter>
    </ClCompile>
    <ClCompile Include="OffsetHunterCLI.cpp">
      <Filter>Source Files</Filter>
    </ClCompile>
    <ClCompile Include="IDumpTarget.cpp">
      <Filter>Source Files</Filter>
    </ClCompile>
    <ClCompile Include="OffsetManager.cpp">
      <Filter>Source Files</Filter>
    </ClCompile>
    <ClCompile Include="OffsetInfo.cpp">
      <Filter>Source Files</Filter>
    </ClCompile>
    <ClCompile Include="HardcodedOffsetInfo.cpp">
      <Filter>Source Files</Filter>
    </ClCompile>
    <ClCompile Include="TargetManager.cpp">
      <Filter>Source Files</Filter>
    </ClCompile>
    <ClCompile Include="IOffsetScanAlgo.cpp">
      <Filter>Source Files</Filter>
    </ClCompile>
    <ClCompile Include="PlainPatternScanAlgo.cpp">
      <Filter>Source Files</Filter>
    </ClCompile>
    <ClCompile Include="SingleDumpTarget.cpp">
      <Filter>Source Files</Filter>
    </ClCompile>
    <ClCompile Include="FutureOffset.cpp">
      <Filter>Source Files</Filter>
    </ClCompile>
    <ClCompile Include="IScanListener.cpp">
      <Filter>Source Files</Filter>
    </ClCompile>
    <ClCompile Include="FileHelper.cpp">
      <Filter>Source Files</Filter>
    </ClCompile>
    <ClCompile Include="IOffset.cpp">
      <Filter>Source Files</Filter>
    </ClCompile>
    <ClCompile Include="JsonHelper.cpp">
      <Filter>Source Files</Filter>
    </ClCompile>
    <ClCompile Include="JsonValueWrapper.cpp">
      <Filter>Source Files</Filter>
    </ClCompile>
    <ClCompile Include="DumpTargetGroup.cpp">
      <Filter>Source Files</Filter>
    </ClCompile>
    <ClCompile Include="OffsetClassifier.cpp">
      <Filter>Source Files</Filter>
    </ClCompile>
    <ClCompile Include="ScanAlgoClassifier.cpp">
      <Filter>Source Files</Filter>
    </ClCompile>
    <ClCompile Include="NestedPatternScanAlgo.cpp">
      <Filter>Source Files</Filter>
    </ClCompile>
    <ClCompile Include="ContainerDisplacer.cpp">
      <Filter>Source Files</Filter>
    </ClCompile>
    <ClCompile Include="IJsonAccesor.cpp">
      <Filter>Source Files</Filter>
    </ClCompile>
    <ClCompile Include="JsonCppAcessor.cpp">
      <Filter>Source Files</Filter>
    </ClCompile>
    <ClCompile Include="HPPManager.cpp">
      <Filter>Source Files</Filter>
    </ClCompile>
    <ClCompile Include="StringHelper.cpp">
      <Filter>Source Files</Filter>
    </ClCompile>
    <ClCompile Include="IChild.cpp">
      <Filter>Source Files</Filter>
    </ClCompile>
    <ClCompile Include="JsonAccesorClassifier.cpp">
      <Filter>Source Files</Filter>
    </ClCompile>
  </ItemGroup>
  <ItemGroup>
    <ClInclude Include="ConfigManager.h">
      <Filter>Header Files</Filter>
    </ClInclude>
    <ClInclude Include="OffsetHunter.h">
      <Filter>Header Files</Filter>
    </ClInclude>
    <ClInclude Include="ICapstoneHelper.h">
      <Filter>Header Files</Filter>
    </ClInclude>
    <ClInclude Include="CapstoneHelperProvider.h">
      <Filter>Header Files</Filter>
    </ClInclude>
    <ClInclude Include="ICapstoneHelperFactory.h">
      <Filter>Header Files</Filter>
    </ClInclude>
    <ClInclude Include="OffsetHunterCLI.h">
      <Filter>Header Files</Filter>
    </ClInclude>
    <ClInclude Include="IDumpTarget.h">
      <Filter>Header Files</Filter>
    </ClInclude>
    <ClInclude Include="OffsetManager.h">
      <Filter>Header Files</Filter>
    </ClInclude>
    <ClInclude Include="OffsetInfo.h">
      <Filter>Header Files</Filter>
    </ClInclude>
    <ClInclude Include="HardcodedOffsetInfo.h">
      <Filter>Header Files</Filter>
    </ClInclude>
    <ClInclude Include="TargetManager.h">
      <Filter>Header Files</Filter>
    </ClInclude>
    <ClInclude Include="IOffsetScanAlgo.h">
      <Filter>Header Files</Filter>
    </ClInclude>
    <ClInclude Include="PlainPatternScanAlgo.h">
      <Filter>Header Files</Filter>
    </ClInclude>
    <ClInclude Include="SingleDumpTarget.h">
      <Filter>Header Files</Filter>
    </ClInclude>
    <ClInclude Include="FutureOffset.h">
      <Filter>Header Files</Filter>
    </ClInclude>
    <ClInclude Include="IScanListener.h">
      <Filter>Header Files</Filter>
    </ClInclude>
    <ClInclude Include="FileHelper.h">
      <Filter>Header Files</Filter>
    </ClInclude>
    <ClInclude Include="IOffset.h">
      <Filter>Header Files</Filter>
    </ClInclude>
    <ClInclude Include="JsonHelper.h">
      <Filter>Header Files</Filter>
    </ClInclude>
    <ClInclude Include="JsonValueWrapper.h">
      <Filter>Header Files</Filter>
    </ClInclude>
    <ClInclude Include="DumpTargetGroup.h">
      <Filter>Header Files</Filter>
    </ClInclude>
    <ClInclude Include="OffsetClassifier.h">
      <Filter>Header Files</Filter>
    </ClInclude>
    <ClInclude Include="ScanAlgoClassifier.h">
      <Filter>Header Files</Filter>
    </ClInclude>
    <ClInclude Include="NestedPatternScanAlgo.h">
      <Filter>Header Files</Filter>
    </ClInclude>
    <ClInclude Include="ContainerDisplacer.h">
      <Filter>Header Files</Filter>
    </ClInclude>
    <ClInclude Include="IJsonAccesor.h">
      <Filter>Header Files</Filter>
    </ClInclude>
    <ClInclude Include="JsonCppAcessor.h">
      <Filter>Header Files</Filter>
    </ClInclude>
    <ClInclude Include="StaticHasher.h">
      <Filter>Header Files</Filter>
    </ClInclude>
    <ClInclude Include="HPPManager.h">
      <Filter>Header Files</Filter>
    </ClInclude>
    <ClInclude Include="StringHelper.h">
      <Filter>Header Files</Filter>
    </ClInclude>
    <ClInclude Include="IChild.h">
      <Filter>Header Files</Filter>
    </ClInclude>
    <ClInclude Include="JsonAccesorClassifier.h">
      <Filter>Header Files</Filter>
    </ClInclude>
  </ItemGroup>
</Project>